
Microsoft Visual Studio Solution File, Format Version 12.00
# Visual Studio 2012
Project("{FAE04EC0-301F-11D3-BF4B-00C04F79EFBC}") = "ParserCombinator", "ParserCombinator\ParserCombinator.csproj", "{6900956D-DB6D-4109-852A-9B3889ED9BC6}"
EndProject
Project("{FAE04EC0-301F-11D3-BF4B-00C04F79EFBC}") = "ParserCombinator.Tests", "ParserCombinator.Tests\ParserCombinator.Tests.csproj", "{0DE87234-1025-4258-AF09-1F5CE0B812B3}"
EndProject
Project("{2150E333-8FDC-42A3-9474-1A3956D46DE8}") = "Solution Items", "Solution Items", "{ECA2D685-E7AF-4D97-91A1-FA1E5461373E}"
	ProjectSection(SolutionItems) = preProject
		ReadMe.md = ReadMe.md
	EndProjectSection
EndProject
Project("{FAE04EC0-301F-11D3-BF4B-00C04F79EFBC}") = "ParserBuilder", "ParserBuilder\ParserBuilder.csproj", "{31C2352B-23B5-4D4C-8C6B-83C9F0C96730}"
EndProject
Global
	GlobalSection(SolutionConfigurationPlatforms) = preSolution
		Debug|Any CPU = Debug|Any CPU
		Release|Any CPU = Release|Any CPU
	EndGlobalSection
	GlobalSection(ProjectConfigurationPlatforms) = postSolution
		{6900956D-DB6D-4109-852A-9B3889ED9BC6}.Debug|Any CPU.ActiveCfg = Debug|Any CPU
		{6900956D-DB6D-4109-852A-9B3889ED9BC6}.Debug|Any CPU.Build.0 = Debug|Any CPU
		{6900956D-DB6D-4109-852A-9B3889ED9BC6}.Release|Any CPU.ActiveCfg = Release|Any CPU
		{6900956D-DB6D-4109-852A-9B3889ED9BC6}.Release|Any CPU.Build.0 = Release|Any CPU
		{0DE87234-1025-4258-AF09-1F5CE0B812B3}.Debug|Any CPU.ActiveCfg = Debug|Any CPU
		{0DE87234-1025-4258-AF09-1F5CE0B812B3}.Debug|Any CPU.Build.0 = Debug|Any CPU
		{0DE87234-1025-4258-AF09-1F5CE0B812B3}.Release|Any CPU.ActiveCfg = Release|Any CPU
		{0DE87234-1025-4258-AF09-1F5CE0B812B3}.Release|Any CPU.Build.0 = Release|Any CPU
		{31C2352B-23B5-4D4C-8C6B-83C9F0C96730}.Debug|Any CPU.ActiveCfg = Debug|Any CPU
		{31C2352B-23B5-4D4C-8C6B-83C9F0C96730}.Debug|Any CPU.Build.0 = Debug|Any CPU
		{31C2352B-23B5-4D4C-8C6B-83C9F0C96730}.Release|Any CPU.ActiveCfg = Release|Any CPU
		{31C2352B-23B5-4D4C-8C6B-83C9F0C96730}.Release|Any CPU.Build.0 = Release|Any CPU
	EndGlobalSection
	GlobalSection(SolutionProperties) = preSolution
		HideSolutionNode = FALSE
	EndGlobalSection
EndGlobal
